
Microsoft Visual Studio Solution File, Format Version 12.00
# Visual Studio Version 16
VisualStudioVersion = 16.0.30804.86
MinimumVisualStudioVersion = 10.0.40219.1
Project("{FAE04EC0-301F-11D3-BF4B-00C04F79EFBC}") = "RubberDuckEmporium.Server", "RubberDuckEmporium\Server\RubberDuckEmporium.Server.csproj", "{4E9BDE81-A27D-46FC-BE4E-94A5059E37E1}"
EndProject
Project("{FAE04EC0-301F-11D3-BF4B-00C04F79EFBC}") = "RubberDuckEmporium.Client", "RubberDuckEmporium\Client\RubberDuckEmporium.Client.csproj", "{B62EA0B7-CD13-411D-98B8-4F68315EABB7}"
EndProject
Project("{FAE04EC0-301F-11D3-BF4B-00C04F79EFBC}") = "RubberDuckEmporium.Shared", "RubberDuckEmporium\Shared\RubberDuckEmporium.Shared.csproj", "{56B94834-063A-40D8-BC0A-1443850FDA65}"
EndProject
Global
	GlobalSection(SolutionConfigurationPlatforms) = preSolution
		Debug|Any CPU = Debug|Any CPU
		Release|Any CPU = Release|Any CPU
	EndGlobalSection
	GlobalSection(ProjectConfigurationPlatforms) = postSolution
		{4E9BDE81-A27D-46FC-BE4E-94A5059E37E1}.Debug|Any CPU.ActiveCfg = Debug|Any CPU
		{4E9BDE81-A27D-46FC-BE4E-94A5059E37E1}.Debug|Any CPU.Build.0 = Debug|Any CPU
		{4E9BDE81-A27D-46FC-BE4E-94A5059E37E1}.Release|Any CPU.ActiveCfg = Release|Any CPU
		{4E9BDE81-A27D-46FC-BE4E-94A5059E37E1}.Release|Any CPU.Build.0 = Release|Any CPU
		{B62EA0B7-CD13-411D-98B8-4F68315EABB7}.Debug|Any CPU.ActiveCfg = Debug|Any CPU
		{B62EA0B7-CD13-411D-98B8-4F68315EABB7}.Debug|Any CPU.Build.0 = Debug|Any CPU
		{B62EA0B7-CD13-411D-98B8-4F68315EABB7}.Release|Any CPU.ActiveCfg = Release|Any CPU
		{B62EA0B7-CD13-411D-98B8-4F68315EABB7}.Release|Any CPU.Build.0 = Release|Any CPU
		{56B94834-063A-40D8-BC0A-1443850FDA65}.Debug|Any CPU.ActiveCfg = Debug|Any CPU
		{56B94834-063A-40D8-BC0A-1443850FDA65}.Debug|Any CPU.Build.0 = Debug|Any CPU
		{56B94834-063A-40D8-BC0A-1443850FDA65}.Release|Any CPU.ActiveCfg = Release|Any CPU
		{56B94834-063A-40D8-BC0A-1443850FDA65}.Release|Any CPU.Build.0 = Release|Any CPU
	EndGlobalSection
	GlobalSection(SolutionProperties) = preSolution
		HideSolutionNode = FALSE
	EndGlobalSection
	GlobalSection(ExtensibilityGlobals) = postSolution
		SolutionGuid = {9210903E-3994-4FDB-83E3-EA36C9170006}
	EndGlobalSection
EndGlobal
